
Microsoft Visual Studio Solution File, Format Version 12.00
# Visual Studio 15
VisualStudioVersion = 15.0.26730.15
MinimumVisualStudioVersion = 10.0.40219.1
Project("{2150E333-8FDC-42A3-9474-1A3956D46DE8}") = ".Shared", ".Shared", "{EF165BDC-340B-4DD6-A64A-46463EF81667}"
	ProjectSection(SolutionItems) = preProject
		.shared\SharedAssemblyInfo.cs = .shared\SharedAssemblyInfo.cs
	EndProjectSection
EndProject
Project("{2150E333-8FDC-42A3-9474-1A3956D46DE8}") = "Logic", "Logic", "{9ECDA911-A0A7-4FFC-8562-7A7E0D84B75B}"
EndProject
Project("{2150E333-8FDC-42A3-9474-1A3956D46DE8}") = "UI", "UI", "{34660E20-E21B-479B-A1F9-C00EEEFEB59E}"
EndProject
Project("{FAE04EC0-301F-11D3-BF4B-00C04F79EFBC}") = "WiiScale.Logic.UI", "Logic\WiiScale.Logic.UI\WiiScale.Logic.UI.csproj", "{10F906FF-21A6-4385-A9E7-DD96F5837B9C}"
EndProject
Project("{FAE04EC0-301F-11D3-BF4B-00C04F79EFBC}") = "WiiScale.Desktop.WPF", "UI\WiiScale.Desktop.WPF\WiiScale.Desktop.WPF.csproj", "{DA9A978D-F580-4992-A723-705B93DF885B}"
EndProject
Global
	GlobalSection(SolutionConfigurationPlatforms) = preSolution
		Debug|Any CPU = Debug|Any CPU
		Release|Any CPU = Release|Any CPU
	EndGlobalSection
	GlobalSection(ProjectConfigurationPlatforms) = postSolution
		{10F906FF-21A6-4385-A9E7-DD96F5837B9C}.Debug|Any CPU.ActiveCfg = Debug|Any CPU
		{10F906FF-21A6-4385-A9E7-DD96F5837B9C}.Debug|Any CPU.Build.0 = Debug|Any CPU
		{10F906FF-21A6-4385-A9E7-DD96F5837B9C}.Release|Any CPU.ActiveCfg = Release|Any CPU
		{10F906FF-21A6-4385-A9E7-DD96F5837B9C}.Release|Any CPU.Build.0 = Release|Any CPU
		{DA9A978D-F580-4992-A723-705B93DF885B}.Debug|Any CPU.ActiveCfg = Debug|Any CPU
		{DA9A978D-F580-4992-A723-705B93DF885B}.Debug|Any CPU.Build.0 = Debug|Any CPU
		{DA9A978D-F580-4992-A723-705B93DF885B}.Release|Any CPU.ActiveCfg = Release|Any CPU
		{DA9A978D-F580-4992-A723-705B93DF885B}.Release|Any CPU.Build.0 = Release|Any CPU
	EndGlobalSection
	GlobalSection(SolutionProperties) = preSolution
		HideSolutionNode = FALSE
	EndGlobalSection
	GlobalSection(NestedProjects) = preSolution
		{10F906FF-21A6-4385-A9E7-DD96F5837B9C} = {9ECDA911-A0A7-4FFC-8562-7A7E0D84B75B}
		{DA9A978D-F580-4992-A723-705B93DF885B} = {34660E20-E21B-479B-A1F9-C00EEEFEB59E}
	EndGlobalSection
	GlobalSection(ExtensibilityGlobals) = postSolution
		SolutionGuid = {AB95068C-B89C-4DD4-B676-51676F1546BF}
	EndGlobalSection
EndGlobal
