
Microsoft Visual Studio Solution File, Format Version 12.00
# Visual Studio 15
VisualStudioVersion = 15.0.27130.2026
MinimumVisualStudioVersion = 10.0.40219.1
Project("{2150E333-8FDC-42A3-9474-1A3956D46DE8}") = ".Shared", ".Shared", "{EF165BDC-340B-4DD6-A64A-46463EF81667}"
	ProjectSection(SolutionItems) = preProject
		.shared\Info.txt = .shared\Info.txt
		.shared\SharedAssemblyInfo.cs = .shared\SharedAssemblyInfo.cs
	EndProjectSection
EndProject
Project("{2150E333-8FDC-42A3-9474-1A3956D46DE8}") = "Logic", "Logic", "{9ECDA911-A0A7-4FFC-8562-7A7E0D84B75B}"
EndProject
Project("{2150E333-8FDC-42A3-9474-1A3956D46DE8}") = "UI", "UI", "{34660E20-E21B-479B-A1F9-C00EEEFEB59E}"
EndProject
Project("{FAE04EC0-301F-11D3-BF4B-00C04F79EFBC}") = "WiiScale.Logic.UI", "Logic\WiiScale.Logic.UI\WiiScale.Logic.UI.csproj", "{10F906FF-21A6-4385-A9E7-DD96F5837B9C}"
EndProject
Project("{FAE04EC0-301F-11D3-BF4B-00C04F79EFBC}") = "WiiScale.Desktop.WPF", "UI\WiiScale.Desktop.WPF\WiiScale.Desktop.WPF.csproj", "{DA9A978D-F580-4992-A723-705B93DF885B}"
EndProject
Project("{2150E333-8FDC-42A3-9474-1A3956D46DE8}") = "lib", "lib", "{6DBFB81F-D660-4AC2-A77B-F8E456770456}"
	ProjectSection(SolutionItems) = preProject
		.shared\WiimoteLib.dll = .shared\WiimoteLib.dll
	EndProjectSection
EndProject
Project("{FAE04EC0-301F-11D3-BF4B-00C04F79EFBC}") = "WiimoteLib", "..\..\..\..\OneDrive\WiiBalanceBoardProject\WiimoteLib_1.7_src\WiimoteCS\WiimoteLib\WiimoteLib.csproj", "{37A555DF-7012-4B99-8A47-1C922A361E52}"
EndProject
Global
	GlobalSection(SolutionConfigurationPlatforms) = preSolution
		Debug MSRS|Any CPU = Debug MSRS|Any CPU
		Debug MSRS|x64 = Debug MSRS|x64
		Debug MSRS|x86 = Debug MSRS|x86
		Debug|Any CPU = Debug|Any CPU
		Debug|x64 = Debug|x64
		Debug|x86 = Debug|x86
		MSRS Debug|Any CPU = MSRS Debug|Any CPU
		MSRS Debug|x64 = MSRS Debug|x64
		MSRS Debug|x86 = MSRS Debug|x86
		Release MSRS|Any CPU = Release MSRS|Any CPU
		Release MSRS|x64 = Release MSRS|x64
		Release MSRS|x86 = Release MSRS|x86
		Release|Any CPU = Release|Any CPU
		Release|x64 = Release|x64
		Release|x86 = Release|x86
	EndGlobalSection
	GlobalSection(ProjectConfigurationPlatforms) = postSolution
		{10F906FF-21A6-4385-A9E7-DD96F5837B9C}.Debug MSRS|Any CPU.ActiveCfg = Debug|Any CPU
		{10F906FF-21A6-4385-A9E7-DD96F5837B9C}.Debug MSRS|Any CPU.Build.0 = Debug|Any CPU
		{10F906FF-21A6-4385-A9E7-DD96F5837B9C}.Debug MSRS|x64.ActiveCfg = Debug|Any CPU
		{10F906FF-21A6-4385-A9E7-DD96F5837B9C}.Debug MSRS|x64.Build.0 = Debug|Any CPU
		{10F906FF-21A6-4385-A9E7-DD96F5837B9C}.Debug MSRS|x86.ActiveCfg = Debug|Any CPU
		{10F906FF-21A6-4385-A9E7-DD96F5837B9C}.Debug MSRS|x86.Build.0 = Debug|Any CPU
		{10F906FF-21A6-4385-A9E7-DD96F5837B9C}.Debug|Any CPU.ActiveCfg = Debug|Any CPU
		{10F906FF-21A6-4385-A9E7-DD96F5837B9C}.Debug|Any CPU.Build.0 = Debug|Any CPU
		{10F906FF-21A6-4385-A9E7-DD96F5837B9C}.Debug|x64.ActiveCfg = Debug|Any CPU
		{10F906FF-21A6-4385-A9E7-DD96F5837B9C}.Debug|x64.Build.0 = Debug|Any CPU
		{10F906FF-21A6-4385-A9E7-DD96F5837B9C}.Debug|x86.ActiveCfg = Debug|Any CPU
		{10F906FF-21A6-4385-A9E7-DD96F5837B9C}.Debug|x86.Build.0 = Debug|Any CPU
		{10F906FF-21A6-4385-A9E7-DD96F5837B9C}.MSRS Debug|Any CPU.ActiveCfg = Debug|Any CPU
		{10F906FF-21A6-4385-A9E7-DD96F5837B9C}.MSRS Debug|Any CPU.Build.0 = Debug|Any CPU
		{10F906FF-21A6-4385-A9E7-DD96F5837B9C}.MSRS Debug|x64.ActiveCfg = Debug|Any CPU
		{10F906FF-21A6-4385-A9E7-DD96F5837B9C}.MSRS Debug|x64.Build.0 = Debug|Any CPU
		{10F906FF-21A6-4385-A9E7-DD96F5837B9C}.MSRS Debug|x86.ActiveCfg = Debug|Any CPU
		{10F906FF-21A6-4385-A9E7-DD96F5837B9C}.MSRS Debug|x86.Build.0 = Debug|Any CPU
		{10F906FF-21A6-4385-A9E7-DD96F5837B9C}.Release MSRS|Any CPU.ActiveCfg = Release|Any CPU
		{10F906FF-21A6-4385-A9E7-DD96F5837B9C}.Release MSRS|Any CPU.Build.0 = Release|Any CPU
		{10F906FF-21A6-4385-A9E7-DD96F5837B9C}.Release MSRS|x64.ActiveCfg = Release|Any CPU
		{10F906FF-21A6-4385-A9E7-DD96F5837B9C}.Release MSRS|x64.Build.0 = Release|Any CPU
		{10F906FF-21A6-4385-A9E7-DD96F5837B9C}.Release MSRS|x86.ActiveCfg = Release|Any CPU
		{10F906FF-21A6-4385-A9E7-DD96F5837B9C}.Release MSRS|x86.Build.0 = Release|Any CPU
		{10F906FF-21A6-4385-A9E7-DD96F5837B9C}.Release|Any CPU.ActiveCfg = Release|Any CPU
		{10F906FF-21A6-4385-A9E7-DD96F5837B9C}.Release|Any CPU.Build.0 = Release|Any CPU
		{10F906FF-21A6-4385-A9E7-DD96F5837B9C}.Release|x64.ActiveCfg = Release|Any CPU
		{10F906FF-21A6-4385-A9E7-DD96F5837B9C}.Release|x64.Build.0 = Release|Any CPU
		{10F906FF-21A6-4385-A9E7-DD96F5837B9C}.Release|x86.ActiveCfg = Release|Any CPU
		{10F906FF-21A6-4385-A9E7-DD96F5837B9C}.Release|x86.Build.0 = Release|Any CPU
		{DA9A978D-F580-4992-A723-705B93DF885B}.Debug MSRS|Any CPU.ActiveCfg = Debug|Any CPU
		{DA9A978D-F580-4992-A723-705B93DF885B}.Debug MSRS|Any CPU.Build.0 = Debug|Any CPU
		{DA9A978D-F580-4992-A723-705B93DF885B}.Debug MSRS|x64.ActiveCfg = Debug|Any CPU
		{DA9A978D-F580-4992-A723-705B93DF885B}.Debug MSRS|x64.Build.0 = Debug|Any CPU
		{DA9A978D-F580-4992-A723-705B93DF885B}.Debug MSRS|x86.ActiveCfg = Debug|Any CPU
		{DA9A978D-F580-4992-A723-705B93DF885B}.Debug MSRS|x86.Build.0 = Debug|Any CPU
		{DA9A978D-F580-4992-A723-705B93DF885B}.Debug|Any CPU.ActiveCfg = Debug|Any CPU
		{DA9A978D-F580-4992-A723-705B93DF885B}.Debug|Any CPU.Build.0 = Debug|Any CPU
		{DA9A978D-F580-4992-A723-705B93DF885B}.Debug|x64.ActiveCfg = Debug|Any CPU
		{DA9A978D-F580-4992-A723-705B93DF885B}.Debug|x64.Build.0 = Debug|Any CPU
		{DA9A978D-F580-4992-A723-705B93DF885B}.Debug|x86.ActiveCfg = Debug|Any CPU
		{DA9A978D-F580-4992-A723-705B93DF885B}.Debug|x86.Build.0 = Debug|Any CPU
		{DA9A978D-F580-4992-A723-705B93DF885B}.MSRS Debug|Any CPU.ActiveCfg = Debug|Any CPU
		{DA9A978D-F580-4992-A723-705B93DF885B}.MSRS Debug|Any CPU.Build.0 = Debug|Any CPU
		{DA9A978D-F580-4992-A723-705B93DF885B}.MSRS Debug|x64.ActiveCfg = Debug|Any CPU
		{DA9A978D-F580-4992-A723-705B93DF885B}.MSRS Debug|x64.Build.0 = Debug|Any CPU
		{DA9A978D-F580-4992-A723-705B93DF885B}.MSRS Debug|x86.ActiveCfg = Debug|Any CPU
		{DA9A978D-F580-4992-A723-705B93DF885B}.MSRS Debug|x86.Build.0 = Debug|Any CPU
		{DA9A978D-F580-4992-A723-705B93DF885B}.Release MSRS|Any CPU.ActiveCfg = Release|Any CPU
		{DA9A978D-F580-4992-A723-705B93DF885B}.Release MSRS|Any CPU.Build.0 = Release|Any CPU
		{DA9A978D-F580-4992-A723-705B93DF885B}.Release MSRS|x64.ActiveCfg = Release|Any CPU
		{DA9A978D-F580-4992-A723-705B93DF885B}.Release MSRS|x64.Build.0 = Release|Any CPU
		{DA9A978D-F580-4992-A723-705B93DF885B}.Release MSRS|x86.ActiveCfg = Release|Any CPU
		{DA9A978D-F580-4992-A723-705B93DF885B}.Release MSRS|x86.Build.0 = Release|Any CPU
		{DA9A978D-F580-4992-A723-705B93DF885B}.Release|Any CPU.ActiveCfg = Release|Any CPU
		{DA9A978D-F580-4992-A723-705B93DF885B}.Release|Any CPU.Build.0 = Release|Any CPU
		{DA9A978D-F580-4992-A723-705B93DF885B}.Release|x64.ActiveCfg = Release|Any CPU
		{DA9A978D-F580-4992-A723-705B93DF885B}.Release|x64.Build.0 = Release|Any CPU
		{DA9A978D-F580-4992-A723-705B93DF885B}.Release|x86.ActiveCfg = Release|Any CPU
		{DA9A978D-F580-4992-A723-705B93DF885B}.Release|x86.Build.0 = Release|Any CPU
		{37A555DF-7012-4B99-8A47-1C922A361E52}.Debug MSRS|Any CPU.ActiveCfg = Debug MSRS|Any CPU
		{37A555DF-7012-4B99-8A47-1C922A361E52}.Debug MSRS|Any CPU.Build.0 = Debug MSRS|Any CPU
		{37A555DF-7012-4B99-8A47-1C922A361E52}.Debug MSRS|x64.ActiveCfg = Debug MSRS|x64
		{37A555DF-7012-4B99-8A47-1C922A361E52}.Debug MSRS|x64.Build.0 = Debug MSRS|x64
		{37A555DF-7012-4B99-8A47-1C922A361E52}.Debug MSRS|x86.ActiveCfg = Debug MSRS|x86
		{37A555DF-7012-4B99-8A47-1C922A361E52}.Debug MSRS|x86.Build.0 = Debug MSRS|x86
		{37A555DF-7012-4B99-8A47-1C922A361E52}.Debug|Any CPU.ActiveCfg = Debug|Any CPU
		{37A555DF-7012-4B99-8A47-1C922A361E52}.Debug|Any CPU.Build.0 = Debug|Any CPU
		{37A555DF-7012-4B99-8A47-1C922A361E52}.Debug|x64.ActiveCfg = Debug|x64
		{37A555DF-7012-4B99-8A47-1C922A361E52}.Debug|x64.Build.0 = Debug|x64
		{37A555DF-7012-4B99-8A47-1C922A361E52}.Debug|x86.ActiveCfg = Debug|x86
		{37A555DF-7012-4B99-8A47-1C922A361E52}.Debug|x86.Build.0 = Debug|x86
		{37A555DF-7012-4B99-8A47-1C922A361E52}.MSRS Debug|Any CPU.ActiveCfg = MSRS Debug|Any CPU
		{37A555DF-7012-4B99-8A47-1C922A361E52}.MSRS Debug|Any CPU.Build.0 = MSRS Debug|Any CPU
		{37A555DF-7012-4B99-8A47-1C922A361E52}.MSRS Debug|x64.ActiveCfg = MSRS Debug|x64
		{37A555DF-7012-4B99-8A47-1C922A361E52}.MSRS Debug|x64.Build.0 = MSRS Debug|x64
		{37A555DF-7012-4B99-8A47-1C922A361E52}.MSRS Debug|x86.ActiveCfg = MSRS Debug|x86
		{37A555DF-7012-4B99-8A47-1C922A361E52}.MSRS Debug|x86.Build.0 = MSRS Debug|x86
		{37A555DF-7012-4B99-8A47-1C922A361E52}.Release MSRS|Any CPU.ActiveCfg = Release MSRS|Any CPU
		{37A555DF-7012-4B99-8A47-1C922A361E52}.Release MSRS|Any CPU.Build.0 = Release MSRS|Any CPU
		{37A555DF-7012-4B99-8A47-1C922A361E52}.Release MSRS|x64.ActiveCfg = Release MSRS|x64
		{37A555DF-7012-4B99-8A47-1C922A361E52}.Release MSRS|x64.Build.0 = Release MSRS|x64
		{37A555DF-7012-4B99-8A47-1C922A361E52}.Release MSRS|x86.ActiveCfg = Release MSRS|x86
		{37A555DF-7012-4B99-8A47-1C922A361E52}.Release MSRS|x86.Build.0 = Release MSRS|x86
		{37A555DF-7012-4B99-8A47-1C922A361E52}.Release|Any CPU.ActiveCfg = Release|Any CPU
		{37A555DF-7012-4B99-8A47-1C922A361E52}.Release|Any CPU.Build.0 = Release|Any CPU
		{37A555DF-7012-4B99-8A47-1C922A361E52}.Release|x64.ActiveCfg = Release|x64
		{37A555DF-7012-4B99-8A47-1C922A361E52}.Release|x64.Build.0 = Release|x64
		{37A555DF-7012-4B99-8A47-1C922A361E52}.Release|x86.ActiveCfg = Release|x86
		{37A555DF-7012-4B99-8A47-1C922A361E52}.Release|x86.Build.0 = Release|x86
	EndGlobalSection
	GlobalSection(SolutionProperties) = preSolution
		HideSolutionNode = FALSE
	EndGlobalSection
	GlobalSection(NestedProjects) = preSolution
		{10F906FF-21A6-4385-A9E7-DD96F5837B9C} = {9ECDA911-A0A7-4FFC-8562-7A7E0D84B75B}
		{DA9A978D-F580-4992-A723-705B93DF885B} = {34660E20-E21B-479B-A1F9-C00EEEFEB59E}
		{6DBFB81F-D660-4AC2-A77B-F8E456770456} = {EF165BDC-340B-4DD6-A64A-46463EF81667}
		{37A555DF-7012-4B99-8A47-1C922A361E52} = {9ECDA911-A0A7-4FFC-8562-7A7E0D84B75B}
	EndGlobalSection
	GlobalSection(ExtensibilityGlobals) = postSolution
		SolutionGuid = {AB95068C-B89C-4DD4-B676-51676F1546BF}
	EndGlobalSection
EndGlobal
